
Microsoft Visual Studio Solution File, Format Version 12.00
# Visual Studio Version 17
VisualStudioVersion = 17.9.34616.47
MinimumVisualStudioVersion = 10.0.40219.1
Project("{9A19103F-16F7-4668-BE54-9A1E7A4F7556}") = "ChallengeStefaniniGroup.Core", "ChallengeStefaniniGroup.Core\ChallengeStefaniniGroup.Core.csproj", "{3AAEC32D-1FE2-4571-A0F1-5D724C4AC34B}"
EndProject
Project("{FAE04EC0-301F-11D3-BF4B-00C04F79EFBC}") = "ChallengeStefaniniGroup.Data", "ChallengeStefaniniGroup.Data\ChallengeStefaniniGroup.Data.csproj", "{091C2B1C-D2A6-487D-AFC4-006712C02EDA}"
EndProject
Project("{FAE04EC0-301F-11D3-BF4B-00C04F79EFBC}") = "ChallengeStefaniniGroup.Domain", "ChallengeStefaniniGroup.Domain\ChallengeStefaniniGroup.Domain.csproj", "{F41222CA-48B5-4B8C-93A6-24A3AE7959AA}"
EndProject
Project("{FAE04EC0-301F-11D3-BF4B-00C04F79EFBC}") = "ChallengeStefaniniGroup.Application", "ChallengeStefaniniGroup.Application\ChallengeStefaniniGroup.Application.csproj", "{BCA05A8E-48F2-463A-85B4-56B61AAC26D8}"
EndProject
Global
	GlobalSection(SolutionConfigurationPlatforms) = preSolution
		Debug|Any CPU = Debug|Any CPU
		Release|Any CPU = Release|Any CPU
	EndGlobalSection
	GlobalSection(ProjectConfigurationPlatforms) = postSolution
		{3AAEC32D-1FE2-4571-A0F1-5D724C4AC34B}.Debug|Any CPU.ActiveCfg = Debug|Any CPU
		{3AAEC32D-1FE2-4571-A0F1-5D724C4AC34B}.Debug|Any CPU.Build.0 = Debug|Any CPU
		{3AAEC32D-1FE2-4571-A0F1-5D724C4AC34B}.Release|Any CPU.ActiveCfg = Release|Any CPU
		{3AAEC32D-1FE2-4571-A0F1-5D724C4AC34B}.Release|Any CPU.Build.0 = Release|Any CPU
		{091C2B1C-D2A6-487D-AFC4-006712C02EDA}.Debug|Any CPU.ActiveCfg = Debug|Any CPU
		{091C2B1C-D2A6-487D-AFC4-006712C02EDA}.Debug|Any CPU.Build.0 = Debug|Any CPU
		{091C2B1C-D2A6-487D-AFC4-006712C02EDA}.Release|Any CPU.ActiveCfg = Release|Any CPU
		{091C2B1C-D2A6-487D-AFC4-006712C02EDA}.Release|Any CPU.Build.0 = Release|Any CPU
		{F41222CA-48B5-4B8C-93A6-24A3AE7959AA}.Debug|Any CPU.ActiveCfg = Debug|Any CPU
		{F41222CA-48B5-4B8C-93A6-24A3AE7959AA}.Debug|Any CPU.Build.0 = Debug|Any CPU
		{F41222CA-48B5-4B8C-93A6-24A3AE7959AA}.Release|Any CPU.ActiveCfg = Release|Any CPU
		{F41222CA-48B5-4B8C-93A6-24A3AE7959AA}.Release|Any CPU.Build.0 = Release|Any CPU
		{BCA05A8E-48F2-463A-85B4-56B61AAC26D8}.Debug|Any CPU.ActiveCfg = Debug|Any CPU
		{BCA05A8E-48F2-463A-85B4-56B61AAC26D8}.Debug|Any CPU.Build.0 = Debug|Any CPU
		{BCA05A8E-48F2-463A-85B4-56B61AAC26D8}.Release|Any CPU.ActiveCfg = Release|Any CPU
		{BCA05A8E-48F2-463A-85B4-56B61AAC26D8}.Release|Any CPU.Build.0 = Release|Any CPU
	EndGlobalSection
	GlobalSection(SolutionProperties) = preSolution
		HideSolutionNode = FALSE
	EndGlobalSection
	GlobalSection(ExtensibilityGlobals) = postSolution
		SolutionGuid = {B70B9D4D-46E5-4310-AED9-503FE40A9220}
	EndGlobalSection
EndGlobal
